DEPENDENCIES
  dotfiles
    git: https://github.com/aspyatkin/dotfiles-cookbook
    revision: c65f0e12b5498bbbf88d67bf25ab24703a55fc34
    tag: v1.2.0
  git2
    git: https://github.com/aspyatkin/git2-cookbook
    revision: 33e0d02179735822efe7b74f11e6274641644036
    tag: v1.0.0
  latest-git
    git: https://github.com/aspyatkin/latest-git
    revision: 32ceab15c0fb9895127ea056a715e54614431c0b
    tag: v1.1.9
  latest-nodejs
    git: https://github.com/aspyatkin/latest-nodejs
    revision: 61083dcd5e75077aadeb80af2a2753352dc3a88b
    tag: v1.2.6
  latest-redis
    git: https://github.com/aspyatkin/latest-redis
    revision: d4ce3a63f67328bc6c35e5669598c42dd027e45a
    tag: v1.1.3
  libffi
    git: https://github.com/aspyatkin/libffi-cookbook
    revision: 71ab54a5bfd882338e6f601a2da9be4919d717fa
    tag: v1.0.0
  libxslt
    git: https://github.com/aspyatkin/libxslt-cookbook
    revision: 551bec22d0f84c391ed7d5750d40a1fca1426d1d
    tag: v1.0.0
  modern_nginx
    git: https://github.com/aspyatkin/modern_nginx
    revision: 6f1f9ee3c958868821164ae6a099dbb0d9e84eae
    tag: v1.2.7
  python (~> 1.4.6)
  rcc-2016-finals-digidocs-checker
    git: git@bitbucket.org:VolgaCTF/rcc-2016-finals-digidocs-checker-cookbook.git
    revision: 2bd28c585039b00f03cd3b9d19e1cf5e7dccae59
    tag: v1.0.0
  rcc-2016-finals-mobile-profile-checker
    git: git@bitbucket.org:VolgaCTF/rcc-2016-finals-mobile-profile-checker-cookbook.git
    revision: 1fd220170c45d419156ce9b83b4905a396404a6f
    tag: v1.0.0
  rcc-2016-finals-sociality-checker
    git: git@bitbucket.org:VolgaCTF/rcc-2016-finals-sociality-checker-cookbook.git
    revision: fcbe3801da3d437ac178341ff9836dd3cdfe758e
    tag: v1.0.0
  rcc-2016-finals-weather-checker
    git: git@bitbucket.org:VolgaCTF/rcc-2016-finals-weather-checker-cookbook.git
    revision: 12068100cfc301d1cf57078d33c2ef36a1851670
    tag: v1.0.0
  themis-finals
    git: https://github.com/aspyatkin/themis-finals-cookbook
    revision: 88ff4639f316294dac68f416481fc44d0d0e3a39
    tag: v1.1.8
  themis-finals-lib-attack-result-rb
    git: https://github.com/aspyatkin/themis-finals-lib-attack-result-rb-cookbook
    revision: 6e34da7aa1c76602b7e597f5d4145ee21fbd820f
    tag: v1.0.2
  themis-finals-lib-checker-py
    git: https://github.com/aspyatkin/themis-finals-lib-checker-py-cookbook
    revision: 9814aed2001d991ee8bd0d80df2baebee8413117
    tag: v1.0.2
  themis-finals-lib-checker-result-rb
    git: https://github.com/aspyatkin/themis-finals-lib-checker-result-rb-cookbook
    revision: da08da2dd0a92144ee01508f20c25332e5637852
    tag: v1.0.2
  themis-finals-lib-checker-server-rb
    git: https://github.com/aspyatkin/themis-finals-lib-checker-server-rb-cookbook
    revision: 9f77063da2575dd62f64c515c0fdb52558300864
    tag: v1.0.2
  themis-finals-sample-checker-py
    git: https://github.com/aspyatkin/themis-finals-sample-checker-py-cookbook
    revision: 1099e64455a79dd4ab7ed6447b5e3f6dd58504ee
    tag: v1.1.5
  themis-finals-sample-checker-rb
    git: https://github.com/aspyatkin/themis-finals-sample-checker-rb-cookbook
    revision: c8813302a291ec3adbdb48e9a2f54a35f210946e
    tag: v1.1.5
  themis-finals-sample-image
    git: https://github.com/aspyatkin/themis-finals-sample-image-cookbook
    revision: 62c46f88dc491f1444a3e86a0b6130b504018f8a
    tag: v1.0.0

GRAPH
  7-zip (1.0.2)
    windows (>= 1.2.2)
  apt (2.9.2)
  ark (1.2.0)
    build-essential (>= 0.0.0)
    seven_zip (>= 0.0.0)
    windows (>= 0.0.0)
  beanstalkd (0.1.5)
    php (>= 0.0.0)
    python (>= 0.0.0)
  bluepill (2.4.3)
    rsyslog (>= 2.0)
  build-essential (2.4.0)
    7-zip (>= 0.0.0)
  chef-sugar (3.3.0)
  chef_handler (1.4.0)
  compat_resource (12.10.6)
  database (5.1.2)
    postgresql (>= 1.0.0)
  dmg (2.4.0)
  dotfiles (1.2.0)
    vim (~> 2.0.0)
    zsh (~> 1.0.3)
  git (4.5.0)
    build-essential (>= 0.0.0)
    dmg (>= 0.0.0)
    windows (>= 0.0.0)
    yum-epel (>= 0.0.0)
  git2 (1.0.0)
  homebrew (2.1.0)
    build-essential (>= 2.1.2)
  iis (4.1.10)
    windows (>= 1.34.6)
  latest-git (1.1.9)
    build-essential (>= 2.4.0)
    git (~> 4.5.0)
  latest-nodejs (1.2.6)
    nodejs (~> 2.4.4)
  latest-redis (1.1.3)
    redisio (~> 2.4.2)
  libffi (1.0.0)
    apt (>= 0.0.0)
    yum (>= 0.0.0)
  libxml2 (0.1.1)
    apt (>= 0.0.0)
    yum (>= 0.0.0)
  libxslt (1.0.0)
    apt (>= 0.0.0)
    yum (>= 0.0.0)
  modern_nginx (1.2.7)
    nginx (= 2.7.6)
  mysql (7.2.0)
    smf (>= 0.0.0)
    yum-mysql-community (>= 0.0.0)
  nginx (2.7.6)
    apt (~> 2.2)
    bluepill (~> 2.3)
    build-essential (~> 2.0)
    ohai (~> 2.0)
    runit (~> 1.2)
    yum-epel (~> 0.3)
  nodejs (2.4.4)
    apt (>= 0.0.0)
    ark (>= 0.0.0)
    build-essential (>= 0.0.0)
    homebrew (>= 0.0.0)
    yum-epel (>= 0.0.0)
  ntp (2.0.0)
    windows (>= 1.38.0)
  ohai (2.1.0)
  openssl (4.4.0)
    chef-sugar (>= 3.1.1)
  packagecloud (0.2.3)
  partial_search (1.0.9)
  php (1.9.0)
    build-essential (>= 0.0.0)
    iis (>= 0.0.0)
    mysql (>= 6.0.0)
    windows (>= 1.39.1)
    xml (>= 0.0.0)
    yum-epel (>= 0.0.0)
  postgresql (4.0.6)
    apt (>= 1.9.0)
    build-essential (>= 0.0.0)
    openssl (~> 4.0)
  python (1.4.6)
    build-essential (>= 0.0.0)
    yum-epel (>= 0.0.0)
  rbac (1.0.3)
  rbenv (1.7.1)
    apt (>= 0.0.0)
    build-essential (>= 0.0.0)
    git (>= 0.0.0)
    ohai (>= 1.1)
  rcc-2016-finals-digidocs-checker (1.0.0)
    git2 (~> 1.0.0)
    latest-git (~> 1.1.6)
    python (~> 1.4.6)
    ssh_known_hosts (~> 2.0.0)
    supervisor (~> 0.4.12)
    themis-finals (~> 1.1.4)
  rcc-2016-finals-mobile-profile-checker (1.0.0)
    git2 (~> 1.0.0)
    latest-git (~> 1.1.6)
    python (~> 1.4.6)
    ssh_known_hosts (~> 2.0.0)
    supervisor (~> 0.4.12)
    themis-finals (~> 1.1.4)
  rcc-2016-finals-sociality-checker (1.0.0)
    git2 (~> 1.0.0)
    latest-git (~> 1.1.6)
    python (~> 1.4.6)
    ssh_known_hosts (~> 2.0.0)
    supervisor (~> 0.4.12)
    themis-finals (~> 1.1.4)
  rcc-2016-finals-weather-checker (1.0.0)
    git2 (~> 1.0.0)
    latest-git (~> 1.1.6)
    python (~> 1.4.6)
    ssh_known_hosts (~> 2.0.0)
    supervisor (~> 0.4.12)
    themis-finals (~> 1.1.4)
  redisio (2.4.2)
    build-essential (>= 0.0.0)
    ulimit (>= 0.1.2)
  resolver (1.3.0)
  rsyslog (4.0.0)
    compat_resource (>= 0.0.0)
  runit (1.7.8)
    packagecloud (>= 0.0.0)
  seven_zip (2.0.1)
    windows (>= 1.2.2)
  smf (2.2.8)
    rbac (>= 1.0.1)
  ssh-util (0.6.3)
  ssh_known_hosts (2.0.0)
    partial_search (>= 0.0.0)
  ssh_user (0.1.1)
    ssh-util (>= 0.0.0)
    user (>= 0.0.0)
  supervisor (0.4.12)
    python (>= 0.0.0)
  themis-finals (1.1.8)
    beanstalkd (~> 0.1.5)
    database (~> 5.1.2)
    git2 (~> 1.0.0)
    latest-git (~> 1.1.9)
    latest-nodejs (~> 1.2.6)
    latest-redis (~> 1.1.3)
    libffi (~> 1.0.0)
    libxml2 (~> 0.1.1)
    libxslt (~> 1.0.0)
    modern_nginx (~> 1.2.7)
    ntp (~> 2.0.0)
    postgresql (~> 4.0.6)
    python (~> 1.4.6)
    rbenv (= 1.7.1)
    resolver (~> 1.3.0)
    ssh_known_hosts (~> 2.0.0)
    ssh_user (~> 0.1.1)
    supervisor (~> 0.4.12)
  themis-finals-lib-attack-result-rb (1.0.2)
    git2 (~> 1.0.0)
    latest-git (~> 1.1.6)
  themis-finals-lib-checker-py (1.0.2)
    git2 (~> 1.0.0)
    latest-git (~> 1.1.6)
  themis-finals-lib-checker-result-rb (1.0.2)
    git2 (~> 1.0.0)
    latest-git (~> 1.1.6)
  themis-finals-lib-checker-server-rb (1.0.2)
    git2 (~> 1.0.0)
    latest-git (~> 1.1.6)
  themis-finals-sample-checker-py (1.1.5)
    git2 (~> 1.0.0)
    latest-git (~> 1.1.6)
    python (~> 1.4.6)
    supervisor (~> 0.4.12)
    themis-finals (~> 1.1.4)
  themis-finals-sample-checker-rb (1.1.5)
    git2 (~> 1.0.0)
    latest-git (~> 1.1.6)
    rbenv (= 1.7.1)
    supervisor (~> 0.4.12)
    themis-finals (~> 1.1.4)
  themis-finals-sample-image (1.0.0)
    python (~> 1.4.6)
  ulimit (0.4.0)
  user (0.4.2)
  vim (2.0.1)
  windows (1.44.1)
    chef_handler (>= 0.0.0)
  xml (2.0.0)
    build-essential (>= 0.0.0)
    chef-sugar (>= 0.0.0)
  yum (3.11.0)
  yum-epel (0.7.0)
    yum (>= 3.6.3)
  yum-mysql-community (0.2.0)
    yum (>= 3.2)
  zsh (1.0.3)
