DEPENDENCIES
  dotfiles
    git: https://github.com/aspyatkin/dotfiles-cookbook
    revision: c65f0e12b5498bbbf88d67bf25ab24703a55fc34
    tag: v1.2.0
  git2
    git: https://github.com/aspyatkin/git2-cookbook
    revision: 33e0d02179735822efe7b74f11e6274641644036
    tag: v1.0.0
  latest-git
    git: https://github.com/aspyatkin/latest-git
    revision: 86b819da2e1b5874d50b53d106bda173ddc88c9f
    tag: v1.1.5
  latest-nodejs
    git: https://github.com/aspyatkin/latest-nodejs
    revision: 98a9e0337b02eff22a7ca8070d7595adb3c921ef
    tag: v1.2.4
  latest-redis
    git: https://github.com/aspyatkin/latest-redis
    revision: 86af17e5d446da6e6a0486e472d3c51400dbafe1
    tag: v1.1.2
  modern_nginx
    git: https://github.com/aspyatkin/modern_nginx
    revision: 8ff307bd1d28684eb91f42d38cf9c8847ebdf221
    tag: v1.2.5
  python (~> 1.4.6)

GRAPH
  apt (2.9.2)
  ark (1.0.1)
    build-essential (>= 0.0.0)
    seven_zip (>= 0.0.0)
    windows (>= 0.0.0)
  bluepill (2.4.2)
    rsyslog (>= 2.0)
  build-essential (2.2.4)
  chef_handler (1.3.0)
  compat_resource (12.9.1)
  dmg (2.3.0)
  dotfiles (1.2.0)
    vim (~> 2.0.0)
    zsh (~> 1.0.3)
  git (4.3.7)
    build-essential (>= 0.0.0)
    dmg (>= 0.0.0)
    windows (>= 0.0.0)
    yum-epel (>= 0.0.0)
  git2 (1.0.0)
  homebrew (2.1.0)
    build-essential (>= 2.1.2)
  latest-git (1.1.5)
    build-essential (~> 2.2.4)
    git (~> 4.3.7)
  latest-nodejs (1.2.4)
    nodejs (~> 2.4.4)
  latest-redis (1.1.2)
    redisio (~> 2.3.0)
  modern_nginx (1.2.5)
    nginx (= 2.7.6)
  nginx (2.7.6)
    apt (~> 2.2)
    bluepill (~> 2.3)
    build-essential (~> 2.0)
    ohai (~> 2.0)
    runit (~> 1.2)
    yum-epel (~> 0.3)
  nodejs (2.4.4)
    apt (>= 0.0.0)
    ark (>= 0.0.0)
    build-essential (>= 0.0.0)
    homebrew (>= 0.0.0)
    yum-epel (>= 0.0.0)
  ohai (2.1.0)
  packagecloud (0.2.0)
  python (1.4.6)
    build-essential (>= 0.0.0)
    yum-epel (>= 0.0.0)
  redisio (2.3.0)
    build-essential (>= 0.0.0)
    ulimit (>= 0.1.2)
  rsyslog (4.0.0)
    compat_resource (>= 0.0.0)
  runit (1.7.6)
    packagecloud (>= 0.0.0)
  seven_zip (2.0.0)
    windows (>= 1.2.2)
  ulimit (0.3.3)
  vim (2.0.1)
  windows (1.39.2)
    chef_handler (>= 0.0.0)
  yum (3.10.0)
  yum-epel (0.6.6)
    yum (~> 3.10.0)
  zsh (1.0.3)
