SITE
  remote: http://community.opscode.com/api/v1
  specs:
    7-zip (1.0.2)
      windows (>= 1.2.2)
    apt (2.7.0)
    ark (0.9.0)
      7-zip (>= 0.0.0)
      windows (>= 0.0.0)
    beanstalkd (0.1.5)
    bluepill (2.3.1)
      rsyslog (>= 0.0.0)
    build-essential (2.2.3)
    chef-sugar (3.1.0)
    chef_handler (1.1.9)
    database (4.0.6)
      postgresql (>= 1.0.0)
    dmg (2.2.2)
    git (4.3.4)
      build-essential (>= 0.0.0)
      dmg (>= 0.0.0)
      windows (>= 0.0.0)
      yum-epel (>= 0.0.0)
    homebrew (1.13.0)
      build-essential (>= 2.1.2)
    nginx (2.7.6)
      apt (~> 2.2)
      bluepill (~> 2.3)
      build-essential (~> 2.0)
      ohai (~> 2.0)
      runit (~> 1.2)
      yum-epel (~> 0.3)
    nodejs (2.4.2)
      apt (>= 0.0.0)
      ark (>= 0.0.0)
      build-essential (>= 0.0.0)
      homebrew (>= 0.0.0)
      yum-epel (>= 0.0.0)
    ntp (1.8.6)
    ohai (2.0.1)
    openssl (4.0.0)
      chef-sugar (>= 0.0.0)
    packagecloud (0.0.18)
    postgresql (3.4.20)
      apt (>= 1.9.0)
      build-essential (>= 0.0.0)
      openssl (~> 4.0.0)
    python (1.4.6)
      build-essential (>= 0.0.0)
      yum-epel (>= 0.0.0)
    rbenv (1.7.1)
      apt (>= 0.0.0)
      build-essential (>= 0.0.0)
      git (>= 0.0.0)
      ohai (>= 1.1)
    redisio (2.3.0)
      build-essential (>= 0.0.0)
      ulimit (>= 0.1.2)
    rsyslog (2.0.0)
    runit (1.6.0)
      packagecloud (>= 0.0.0)
    ulimit (0.3.3)
    windows (1.37.0)
      chef_handler (>= 0.0.0)
    yum (3.6.0)
    yum-epel (0.6.0)
      yum (~> 3.0)

GIT
  remote: https://github.com/aspyatkin/latest-git.git
  ref: v1.0.0
  sha: 188b281d08ec522ab533884e100b543d4cc3e218
  specs:
    latest-git (1.0.0)
      git (= 4.3.4)

DEPENDENCIES
  beanstalkd (~> 0.1.5)
  database (~> 4.0.6)
  latest-git (>= 0)
  nginx (~> 2.7.6)
  nodejs (~> 2.4.2)
  ntp (~> 1.8.6)
  postgresql (~> 3.4.20)
  python (~> 1.4.6)
  rbenv (~> 1.7.1)
  redisio (~> 2.3.0)
  runit (~> 1.6.0)

